
Microsoft Visual Studio Solution File, Format Version 12.00
# Visual Studio 2012
Project("{FAE04EC0-301F-11D3-BF4B-00C04F79EFBC}") = "ConfigTransformationTool", "ConfigTransformationTool\ConfigTransformationTool.csproj", "{3DB44809-0AFD-42C0-8977-63335B30124E}"
EndProject
Project("{FAE04EC0-301F-11D3-BF4B-00C04F79EFBC}") = "ConfigTransformationTool.Tests", "ConfigTransformationTool.Tests\ConfigTransformationTool.Tests.csproj", "{14D5E90B-134D-45C5-9E31-4219F209A507}"
EndProject
Project("{2150E333-8FDC-42A3-9474-1A3956D46DE8}") = ".nuget", ".nuget", "{20402A8D-D9B5-4D13-BD18-E2F5F1CC45D8}"
	ProjectSection(SolutionItems) = preProject
		.nuget\NuGet.Config = .nuget\NuGet.Config
	EndProjectSection
EndProject
Project("{2150E333-8FDC-42A3-9474-1A3956D46DE8}") = "Solution Items", "Solution Items", "{5E619C56-396C-482C-B89C-2378EF5B1909}"
	ProjectSection(SolutionItems) = preProject
		Settings.StyleCop = Settings.StyleCop
	EndProjectSection
EndProject
Global
	GlobalSection(SolutionConfigurationPlatforms) = preSolution
		Debug|Any CPU = Debug|Any CPU
		Debug|Mixed Platforms = Debug|Mixed Platforms
		Debug|x86 = Debug|x86
		Release|Any CPU = Release|Any CPU
		Release|Mixed Platforms = Release|Mixed Platforms
		Release|x86 = Release|x86
	EndGlobalSection
	GlobalSection(ProjectConfigurationPlatforms) = postSolution
		{3DB44809-0AFD-42C0-8977-63335B30124E}.Debug|Any CPU.ActiveCfg = Debug|x86
		{3DB44809-0AFD-42C0-8977-63335B30124E}.Debug|Mixed Platforms.ActiveCfg = Debug|x86
		{3DB44809-0AFD-42C0-8977-63335B30124E}.Debug|Mixed Platforms.Build.0 = Debug|x86
		{3DB44809-0AFD-42C0-8977-63335B30124E}.Debug|x86.ActiveCfg = Debug|x86
		{3DB44809-0AFD-42C0-8977-63335B30124E}.Debug|x86.Build.0 = Debug|x86
		{3DB44809-0AFD-42C0-8977-63335B30124E}.Release|Any CPU.ActiveCfg = Release|x86
		{3DB44809-0AFD-42C0-8977-63335B30124E}.Release|Mixed Platforms.ActiveCfg = Release|x86
		{3DB44809-0AFD-42C0-8977-63335B30124E}.Release|Mixed Platforms.Build.0 = Release|x86
		{3DB44809-0AFD-42C0-8977-63335B30124E}.Release|x86.ActiveCfg = Release|x86
		{3DB44809-0AFD-42C0-8977-63335B30124E}.Release|x86.Build.0 = Release|x86
		{14D5E90B-134D-45C5-9E31-4219F209A507}.Debug|Any CPU.ActiveCfg = Debug|Any CPU
		{14D5E90B-134D-45C5-9E31-4219F209A507}.Debug|Any CPU.Build.0 = Debug|Any CPU
		{14D5E90B-134D-45C5-9E31-4219F209A507}.Debug|Mixed Platforms.ActiveCfg = Debug|Any CPU
		{14D5E90B-134D-45C5-9E31-4219F209A507}.Debug|Mixed Platforms.Build.0 = Debug|Any CPU
		{14D5E90B-134D-45C5-9E31-4219F209A507}.Debug|x86.ActiveCfg = Debug|Any CPU
		{14D5E90B-134D-45C5-9E31-4219F209A507}.Release|Any CPU.ActiveCfg = Release|Any CPU
		{14D5E90B-134D-45C5-9E31-4219F209A507}.Release|Any CPU.Build.0 = Release|Any CPU
		{14D5E90B-134D-45C5-9E31-4219F209A507}.Release|Mixed Platforms.ActiveCfg = Release|Any CPU
		{14D5E90B-134D-45C5-9E31-4219F209A507}.Release|Mixed Platforms.Build.0 = Release|Any CPU
		{14D5E90B-134D-45C5-9E31-4219F209A507}.Release|x86.ActiveCfg = Release|Any CPU
	EndGlobalSection
	GlobalSection(SolutionProperties) = preSolution
		HideSolutionNode = FALSE
	EndGlobalSection
EndGlobal
